
Microsoft Visual Studio Solution File, Format Version 12.00
# Visual Studio 15
VisualStudioVersion = 15.0.28010.2046
MinimumVisualStudioVersion = 10.0.40219.1
Project("{8BC9CEB8-8B4A-11D0-8D11-00A0C91BC942}") = "31", "31\31.vcxproj", "{354791D8-3AE7-4932-8A87-25EAF0FE7447}"
EndProject
Global
	GlobalSection(SolutionConfigurationPlatforms) = preSolution
		Debug|x64 = Debug|x64
		Debug|x86 = Debug|x86
		Release|x64 = Release|x64
		Release|x86 = Release|x86
	EndGlobalSection
	GlobalSection(ProjectConfigurationPlatforms) = postSolution
		{354791D8-3AE7-4932-8A87-25EAF0FE7447}.Debug|x64.ActiveCfg = Debug|x64
		{354791D8-3AE7-4932-8A87-25EAF0FE7447}.Debug|x64.Build.0 = Debug|x64
		{354791D8-3AE7-4932-8A87-25EAF0FE7447}.Debug|x86.ActiveCfg = Debug|Win32
		{354791D8-3AE7-4932-8A87-25EAF0FE7447}.Debug|x86.Build.0 = Debug|Win32
		{354791D8-3AE7-4932-8A87-25EAF0FE7447}.Release|x64.ActiveCfg = Release|x64
		{354791D8-3AE7-4932-8A87-25EAF0FE7447}.Release|x64.Build.0 = Release|x64
		{354791D8-3AE7-4932-8A87-25EAF0FE7447}.Release|x86.ActiveCfg = Release|Win32
		{354791D8-3AE7-4932-8A87-25EAF0FE7447}.Release|x86.Build.0 = Release|Win32
	EndGlobalSection
	GlobalSection(SolutionProperties) = preSolution
		HideSolutionNode = FALSE
	EndGlobalSection
	GlobalSection(ExtensibilityGlobals) = postSolution
		SolutionGuid = {1D31672C-6A40-4BF9-8E3E-96CEEB681737}
	EndGlobalSection
EndGlobal
